// !$*UTF8*$!
{
	archiveVersion = 1;
	classes = {
	};
	objectVersion = 55;
	objects = {

/* Begin PBXBuildFile section */
		259BF72C2783288C00589D8C /* HomeViewController+UI.swift in Sources */ = {isa = PBXBuildFile; fileRef = 259BF72B2783288C00589D8C /* HomeViewController+UI.swift */; };
		259BF72F27833CEE00589D8C /* Kingfisher in Frameworks */ = {isa = PBXBuildFile; productRef = 259BF72E27833CEE00589D8C /* Kingfisher */; };
		259BF73227833CFF00589D8C /* MBProgressHUD in Frameworks */ = {isa = PBXBuildFile; productRef = 259BF73127833CFF00589D8C /* MBProgressHUD */; };
		259BF73527833D4F00589D8C /* UIViewController.swift in Sources */ = {isa = PBXBuildFile; fileRef = 259BF73327833D4F00589D8C /* UIViewController.swift */; };
		259BF73627833D4F00589D8C /* UIImageView.swift in Sources */ = {isa = PBXBuildFile; fileRef = 259BF73427833D4F00589D8C /* UIImageView.swift */; };
		259BF73927833DA400589D8C /* Collection.swift in Sources */ = {isa = PBXBuildFile; fileRef = 259BF73727833DA400589D8C /* Collection.swift */; };
		259BF73A27833DA400589D8C /* NSObject.swift in Sources */ = {isa = PBXBuildFile; fileRef = 259BF73827833DA400589D8C /* NSObject.swift */; };
		259BF74027833EE600589D8C /* HomeResult.swift in Sources */ = {isa = PBXBuildFile; fileRef = 259BF73E27833EE600589D8C /* HomeResult.swift */; };
		259BF74127833EE600589D8C /* HomeApi.swift in Sources */ = {isa = PBXBuildFile; fileRef = 259BF73F27833EE600589D8C /* HomeApi.swift */; };
		259BF7432783414000589D8C /* APIError.swift in Sources */ = {isa = PBXBuildFile; fileRef = 259BF7422783414000589D8C /* APIError.swift */; };
		259BF7452783419900589D8C /* HomeViewModel.swift in Sources */ = {isa = PBXBuildFile; fileRef = 259BF7442783419900589D8C /* HomeViewModel.swift */; };
		259BF747278341DC00589D8C /* MoviePresentable.swift in Sources */ = {isa = PBXBuildFile; fileRef = 259BF746278341DC00589D8C /* MoviePresentable.swift */; };
		259BF74A2783512A00589D8C /* MovieCell.swift in Sources */ = {isa = PBXBuildFile; fileRef = 259BF7492783512A00589D8C /* MovieCell.swift */; };
		259BF74C278354C100589D8C /* UICollectionView.swift in Sources */ = {isa = PBXBuildFile; fileRef = 259BF74B278354C100589D8C /* UICollectionView.swift */; };
		259BF751278375F700589D8C /* EnvironmentTest.swift in Sources */ = {isa = PBXBuildFile; fileRef = 259BF74F278375F600589D8C /* EnvironmentTest.swift */; };
		259BF752278375F700589D8C /* StringTest.swift in Sources */ = {isa = PBXBuildFile; fileRef = 259BF750278375F700589D8C /* StringTest.swift */; };
		259BF7562783760300589D8C /* MockClient.swift in Sources */ = {isa = PBXBuildFile; fileRef = 259BF7532783760300589D8C /* MockClient.swift */; };
		259BF7572783760300589D8C /* MockBuildable.swift in Sources */ = {isa = PBXBuildFile; fileRef = 259BF7542783760300589D8C /* MockBuildable.swift */; };
		259BF7582783760300589D8C /* NetworkingTest.swift in Sources */ = {isa = PBXBuildFile; fileRef = 259BF7552783760300589D8C /* NetworkingTest.swift */; };
		259BF75D2783773700589D8C /* HomeMock.json in Resources */ = {isa = PBXBuildFile; fileRef = 259BF75A2783773700589D8C /* HomeMock.json */; };
		259BF75E2783773700589D8C /* HomeApiTest.swift in Sources */ = {isa = PBXBuildFile; fileRef = 259BF75B2783773700589D8C /* HomeApiTest.swift */; };
		259BF75F2783773700589D8C /* HomeViewModelTest.swift in Sources */ = {isa = PBXBuildFile; fileRef = 259BF75C2783773700589D8C /* HomeViewModelTest.swift */; };
		259BF761278379FA00589D8C /* HomeMockOnePage.json in Resources */ = {isa = PBXBuildFile; fileRef = 259BF760278379FA00589D8C /* HomeMockOnePage.json */; };
		259BF76327837B5400589D8C /* HomeMockFailure.json in Resources */ = {isa = PBXBuildFile; fileRef = 259BF76227837B5400589D8C /* HomeMockFailure.json */; };
		25EB78082781BFFE000AEE98 /* AppDelegate.swift in Sources */ = {isa = PBXBuildFile; fileRef = 25EB78072781BFFE000AEE98 /* AppDelegate.swift */; };
		25EB780A2781BFFE000AEE98 /* SceneDelegate.swift in Sources */ = {isa = PBXBuildFile; fileRef = 25EB78092781BFFE000AEE98 /* SceneDelegate.swift */; };
		25EB780C2781BFFE000AEE98 /* HomeViewController.swift in Sources */ = {isa = PBXBuildFile; fileRef = 25EB780B2781BFFE000AEE98 /* HomeViewController.swift */; };
		25EB78112781BFFF000AEE98 /* Assets.xcassets in Resources */ = {isa = PBXBuildFile; fileRef = 25EB78102781BFFF000AEE98 /* Assets.xcassets */; };
		25EB78142781BFFF000AEE98 /* LaunchScreen.storyboard in Resources */ = {isa = PBXBuildFile; fileRef = 25EB78122781BFFF000AEE98 /* LaunchScreen.storyboard */; };
		25EB78442781C234000AEE98 /* AKNetworking.framework in Frameworks */ = {isa = PBXBuildFile; fileRef = 25EB78432781C234000AEE98 /* AKNetworking.framework */; };
		25EB78452781C234000AEE98 /* AKNetworking.framework in Embed Frameworks */ = {isa = PBXBuildFile; fileRef = 25EB78432781C234000AEE98 /* AKNetworking.framework */; settings = {ATTRIBUTES = (CodeSignOnCopy, RemoveHeadersOnCopy, ); }; };
		25EB784D2781C317000AEE98 /* APIVersion.swift in Sources */ = {isa = PBXBuildFile; fileRef = 25EB78492781C317000AEE98 /* APIVersion.swift */; };
		25EB784E2781C317000AEE98 /* ApiResultable.swift in Sources */ = {isa = PBXBuildFile; fileRef = 25EB784A2781C317000AEE98 /* ApiResultable.swift */; };
		25EB784F2781C317000AEE98 /* APIBuildable.swift in Sources */ = {isa = PBXBuildFile; fileRef = 25EB784B2781C317000AEE98 /* APIBuildable.swift */; };
		25EB78512781C37C000AEE98 /* Environment.swift in Sources */ = {isa = PBXBuildFile; fileRef = 25EB78502781C37C000AEE98 /* Environment.swift */; };
		25EB78542781C3B6000AEE98 /* String.swift in Sources */ = {isa = PBXBuildFile; fileRef = 25EB78532781C3B6000AEE98 /* String.swift */; };
/* End PBXBuildFile section */

/* Begin PBXContainerItemProxy section */
		25EB781B2781BFFF000AEE98 /* PBXContainerItemProxy */ = {
			isa = PBXContainerItemProxy;
			containerPortal = 25EB77FC2781BFFE000AEE98 /* Project object */;
			proxyType = 1;
			remoteGlobalIDString = 25EB78032781BFFE000AEE98;
			remoteInfo = Floward;
		};
/* End PBXContainerItemProxy section */

/* Begin PBXCopyFilesBuildPhase section */
		25EB78462781C235000AEE98 /* Embed Frameworks */ = {
			isa = PBXCopyFilesBuildPhase;
			buildActionMask = 2147483647;
			dstPath = "";
			dstSubfolderSpec = 10;
			files = (
				25EB78452781C234000AEE98 /* AKNetworking.framework in Embed Frameworks */,
			);
			name = "Embed Frameworks";
			runOnlyForDeploymentPostprocessing = 0;
		};
/* End PBXCopyFilesBuildPhase section */

/* Begin PBXFileReference section */
		259BF72B2783288C00589D8C /* HomeViewController+UI.swift */ = {isa = PBXFileReference; lastKnownFileType = sourcecode.swift; path = "HomeViewController+UI.swift"; sourceTree = "<group>"; };
		259BF73327833D4F00589D8C /* UIViewController.swift */ = {isa = PBXFileReference; fileEncoding = 4; lastKnownFileType = sourcecode.swift; path = UIViewController.swift; sourceTree = "<group>"; };
		259BF73427833D4F00589D8C /* UIImageView.swift */ = {isa = PBXFileReference; fileEncoding = 4; lastKnownFileType = sourcecode.swift; path = UIImageView.swift; sourceTree = "<group>"; };
		259BF73727833DA400589D8C /* Collection.swift */ = {isa = PBXFileReference; fileEncoding = 4; lastKnownFileType = sourcecode.swift; path = Collection.swift; sourceTree = "<group>"; };
		259BF73827833DA400589D8C /* NSObject.swift */ = {isa = PBXFileReference; fileEncoding = 4; lastKnownFileType = sourcecode.swift; path = NSObject.swift; sourceTree = "<group>"; };
		259BF73E27833EE600589D8C /* HomeResult.swift */ = {isa = PBXFileReference; fileEncoding = 4; lastKnownFileType = sourcecode.swift; path = HomeResult.swift; sourceTree = "<group>"; };
		259BF73F27833EE600589D8C /* HomeApi.swift */ = {isa = PBXFileReference; fileEncoding = 4; lastKnownFileType = sourcecode.swift; path = HomeApi.swift; sourceTree = "<group>"; };
		259BF7422783414000589D8C /* APIError.swift */ = {isa = PBXFileReference; lastKnownFileType = sourcecode.swift; path = APIError.swift; sourceTree = "<group>"; };
		259BF7442783419900589D8C /* HomeViewModel.swift */ = {isa = PBXFileReference; lastKnownFileType = sourcecode.swift; path = HomeViewModel.swift; sourceTree = "<group>"; };
		259BF746278341DC00589D8C /* MoviePresentable.swift */ = {isa = PBXFileReference; lastKnownFileType = sourcecode.swift; path = MoviePresentable.swift; sourceTree = "<group>"; };
		259BF7492783512A00589D8C /* MovieCell.swift */ = {isa = PBXFileReference; lastKnownFileType = sourcecode.swift; path = MovieCell.swift; sourceTree = "<group>"; };
		259BF74B278354C100589D8C /* UICollectionView.swift */ = {isa = PBXFileReference; fileEncoding = 4; lastKnownFileType = sourcecode.swift; path = UICollectionView.swift; sourceTree = "<group>"; };
		259BF74F278375F600589D8C /* EnvironmentTest.swift */ = {isa = PBXFileReference; fileEncoding = 4; lastKnownFileType = sourcecode.swift; path = EnvironmentTest.swift; sourceTree = "<group>"; };
		259BF750278375F700589D8C /* StringTest.swift */ = {isa = PBXFileReference; fileEncoding = 4; lastKnownFileType = sourcecode.swift; path = StringTest.swift; sourceTree = "<group>"; };
		259BF7532783760300589D8C /* MockClient.swift */ = {isa = PBXFileReference; fileEncoding = 4; lastKnownFileType = sourcecode.swift; path = MockClient.swift; sourceTree = "<group>"; };
		259BF7542783760300589D8C /* MockBuildable.swift */ = {isa = PBXFileReference; fileEncoding = 4; lastKnownFileType = sourcecode.swift; path = MockBuildable.swift; sourceTree = "<group>"; };
		259BF7552783760300589D8C /* NetworkingTest.swift */ = {isa = PBXFileReference; fileEncoding = 4; lastKnownFileType = sourcecode.swift; path = NetworkingTest.swift; sourceTree = "<group>"; };
		259BF75A2783773700589D8C /* HomeMock.json */ = {isa = PBXFileReference; fileEncoding = 4; lastKnownFileType = text.json; path = HomeMock.json; sourceTree = "<group>"; };
		259BF75B2783773700589D8C /* HomeApiTest.swift */ = {isa = PBXFileReference; fileEncoding = 4; lastKnownFileType = sourcecode.swift; path = HomeApiTest.swift; sourceTree = "<group>"; };
		259BF75C2783773700589D8C /* HomeViewModelTest.swift */ = {isa = PBXFileReference; fileEncoding = 4; lastKnownFileType = sourcecode.swift; path = HomeViewModelTest.swift; sourceTree = "<group>"; };
		259BF760278379FA00589D8C /* HomeMockOnePage.json */ = {isa = PBXFileReference; lastKnownFileType = text.json; path = HomeMockOnePage.json; sourceTree = "<group>"; };
		259BF76227837B5400589D8C /* HomeMockFailure.json */ = {isa = PBXFileReference; lastKnownFileType = text.json; path = HomeMockFailure.json; sourceTree = "<group>"; };
		25EB78042781BFFE000AEE98 /* Floward.app */ = {isa = PBXFileReference; explicitFileType = wrapper.application; includeInIndex = 0; path = Floward.app; sourceTree = BUILT_PRODUCTS_DIR; };
		25EB78072781BFFE000AEE98 /* AppDelegate.swift */ = {isa = PBXFileReference; lastKnownFileType = sourcecode.swift; path = AppDelegate.swift; sourceTree = "<group>"; };
		25EB78092781BFFE000AEE98 /* SceneDelegate.swift */ = {isa = PBXFileReference; lastKnownFileType = sourcecode.swift; path = SceneDelegate.swift; sourceTree = "<group>"; };
		25EB780B2781BFFE000AEE98 /* HomeViewController.swift */ = {isa = PBXFileReference; lastKnownFileType = sourcecode.swift; path = HomeViewController.swift; sourceTree = "<group>"; };
		25EB78102781BFFF000AEE98 /* Assets.xcassets */ = {isa = PBXFileReference; lastKnownFileType = folder.assetcatalog; path = Assets.xcassets; sourceTree = "<group>"; };
		25EB78132781BFFF000AEE98 /* Base */ = {isa = PBXFileReference; lastKnownFileType = file.storyboard; name = Base; path = Base.lproj/LaunchScreen.storyboard; sourceTree = "<group>"; };
		25EB78152781BFFF000AEE98 /* Info.plist */ = {isa = PBXFileReference; lastKnownFileType = text.plist.xml; path = Info.plist; sourceTree = "<group>"; };
		25EB781A2781BFFF000AEE98 /* FlowardTests.xctest */ = {isa = PBXFileReference; explicitFileType = wrapper.cfbundle; includeInIndex = 0; path = FlowardTests.xctest; sourceTree = BUILT_PRODUCTS_DIR; };
		25EB78432781C234000AEE98 /* AKNetworking.framework */ = {isa = PBXFileReference; explicitFileType = wrapper.framework; path = AKNetworking.framework; sourceTree = BUILT_PRODUCTS_DIR; };
		25EB78492781C317000AEE98 /* APIVersion.swift */ = {isa = PBXFileReference; fileEncoding = 4; lastKnownFileType = sourcecode.swift; path = APIVersion.swift; sourceTree = "<group>"; };
		25EB784A2781C317000AEE98 /* ApiResultable.swift */ = {isa = PBXFileReference; fileEncoding = 4; lastKnownFileType = sourcecode.swift; path = ApiResultable.swift; sourceTree = "<group>"; };
		25EB784B2781C317000AEE98 /* APIBuildable.swift */ = {isa = PBXFileReference; fileEncoding = 4; lastKnownFileType = sourcecode.swift; path = APIBuildable.swift; sourceTree = "<group>"; };
		25EB78502781C37C000AEE98 /* Environment.swift */ = {isa = PBXFileReference; fileEncoding = 4; lastKnownFileType = sourcecode.swift; path = Environment.swift; sourceTree = "<group>"; };
		25EB78532781C3B6000AEE98 /* String.swift */ = {isa = PBXFileReference; fileEncoding = 4; lastKnownFileType = sourcecode.swift; path = String.swift; sourceTree = "<group>"; };
/* End PBXFileReference section */

/* Begin PBXFrameworksBuildPhase section */
		25EB78012781BFFE000AEE98 /* Frameworks */ = {
			isa = PBXFrameworksBuildPhase;
			buildActionMask = 2147483647;
			files = (
				259BF73227833CFF00589D8C /* MBProgressHUD in Frameworks */,
				259BF72F27833CEE00589D8C /* Kingfisher in Frameworks */,
				25EB78442781C234000AEE98 /* AKNetworking.framework in Frameworks */,
			);
			runOnlyForDeploymentPostprocessing = 0;
		};
		25EB78172781BFFF000AEE98 /* Frameworks */ = {
			isa = PBXFrameworksBuildPhase;
			buildActionMask = 2147483647;
			files = (
			);
			runOnlyForDeploymentPostprocessing = 0;
		};
/* End PBXFrameworksBuildPhase section */

/* Begin PBXGroup section */
		259BF73B27833DC800589D8C /* Model */ = {
			isa = PBXGroup;
			children = (
				259BF746278341DC00589D8C /* MoviePresentable.swift */,
			);
			path = Model;
			sourceTree = "<group>";
		};
		259BF73C27833DCF00589D8C /* Business */ = {
			isa = PBXGroup;
			children = (
				259BF7482783511000589D8C /* Cells */,
				259BF73B27833DC800589D8C /* Model */,
				259BF73D27833DD600589D8C /* Api */,
				259BF7442783419900589D8C /* HomeViewModel.swift */,
			);
			path = Business;
			sourceTree = "<group>";
		};
		259BF73D27833DD600589D8C /* Api */ = {
			isa = PBXGroup;
			children = (
				259BF73F27833EE600589D8C /* HomeApi.swift */,
				259BF73E27833EE600589D8C /* HomeResult.swift */,
			);
			path = Api;
			sourceTree = "<group>";
		};
		259BF7482783511000589D8C /* Cells */ = {
			isa = PBXGroup;
			children = (
				259BF7492783512A00589D8C /* MovieCell.swift */,
			);
			path = Cells;
			sourceTree = "<group>";
		};
		259BF74D278375A200589D8C /* Helpers */ = {
			isa = PBXGroup;
			children = (
				259BF74E278375AE00589D8C /* Networking */,
				259BF74F278375F600589D8C /* EnvironmentTest.swift */,
				259BF750278375F700589D8C /* StringTest.swift */,
			);
			path = Helpers;
			sourceTree = "<group>";
		};
		259BF74E278375AE00589D8C /* Networking */ = {
			isa = PBXGroup;
			children = (
				259BF7542783760300589D8C /* MockBuildable.swift */,
				259BF7532783760300589D8C /* MockClient.swift */,
				259BF7552783760300589D8C /* NetworkingTest.swift */,
			);
			path = Networking;
			sourceTree = "<group>";
		};
		259BF7592783771900589D8C /* Home */ = {
			isa = PBXGroup;
			children = (
				259BF75A2783773700589D8C /* HomeMock.json */,
				259BF760278379FA00589D8C /* HomeMockOnePage.json */,
				259BF76227837B5400589D8C /* HomeMockFailure.json */,
				259BF75B2783773700589D8C /* HomeApiTest.swift */,
				259BF75C2783773700589D8C /* HomeViewModelTest.swift */,
			);
			path = Home;
			sourceTree = "<group>";
		};
		25EB77FB2781BFFE000AEE98 = {
			isa = PBXGroup;
			children = (
				25EB78062781BFFE000AEE98 /* Floward */,
				25EB781D2781BFFF000AEE98 /* FlowardTests */,
				25EB78052781BFFE000AEE98 /* Products */,
				25EB78422781C234000AEE98 /* Frameworks */,
			);
			sourceTree = "<group>";
		};
		25EB78052781BFFE000AEE98 /* Products */ = {
			isa = PBXGroup;
			children = (
				25EB78042781BFFE000AEE98 /* Floward.app */,
				25EB781A2781BFFF000AEE98 /* FlowardTests.xctest */,
			);
			name = Products;
			sourceTree = "<group>";
		};
		25EB78062781BFFE000AEE98 /* Floward */ = {
			isa = PBXGroup;
			children = (
				25EB78372781C0FA000AEE98 /* App Delegate */,
				25EB78382781C10D000AEE98 /* App Modules */,
				25EB78392781C11E000AEE98 /* Helpers */,
				25EB78102781BFFF000AEE98 /* Assets.xcassets */,
				25EB78122781BFFF000AEE98 /* LaunchScreen.storyboard */,
				25EB78152781BFFF000AEE98 /* Info.plist */,
			);
			path = Floward;
			sourceTree = "<group>";
		};
		25EB781D2781BFFF000AEE98 /* FlowardTests */ = {
			isa = PBXGroup;
			children = (
				259BF7592783771900589D8C /* Home */,
				259BF74D278375A200589D8C /* Helpers */,
			);
			path = FlowardTests;
			sourceTree = "<group>";
		};
		25EB78372781C0FA000AEE98 /* App Delegate */ = {
			isa = PBXGroup;
			children = (
				25EB78072781BFFE000AEE98 /* AppDelegate.swift */,
				25EB78092781BFFE000AEE98 /* SceneDelegate.swift */,
			);
			path = "App Delegate";
			sourceTree = "<group>";
		};
		25EB78382781C10D000AEE98 /* App Modules */ = {
			isa = PBXGroup;
			children = (
				259BF73C27833DCF00589D8C /* Business */,
				25EB780B2781BFFE000AEE98 /* HomeViewController.swift */,
				259BF72B2783288C00589D8C /* HomeViewController+UI.swift */,
			);
			path = "App Modules";
			sourceTree = "<group>";
		};
		25EB78392781C11E000AEE98 /* Helpers */ = {
			isa = PBXGroup;
			children = (
				25EB78522781C39D000AEE98 /* Extensions */,
				25EB78472781C2E2000AEE98 /* Networking */,
				25EB78502781C37C000AEE98 /* Environment.swift */,
			);
			path = Helpers;
			sourceTree = "<group>";
		};
		25EB78422781C234000AEE98 /* Frameworks */ = {
			isa = PBXGroup;
			children = (
				25EB78432781C234000AEE98 /* AKNetworking.framework */,
			);
			name = Frameworks;
			sourceTree = "<group>";
		};
		25EB78472781C2E2000AEE98 /* Networking */ = {
			isa = PBXGroup;
			children = (
				25EB784B2781C317000AEE98 /* APIBuildable.swift */,
				25EB784A2781C317000AEE98 /* ApiResultable.swift */,
				25EB78492781C317000AEE98 /* APIVersion.swift */,
				259BF7422783414000589D8C /* APIError.swift */,
			);
			path = Networking;
			sourceTree = "<group>";
		};
		25EB78522781C39D000AEE98 /* Extensions */ = {
			isa = PBXGroup;
			children = (
				259BF74B278354C100589D8C /* UICollectionView.swift */,
				259BF73727833DA400589D8C /* Collection.swift */,
				259BF73827833DA400589D8C /* NSObject.swift */,
				259BF73427833D4F00589D8C /* UIImageView.swift */,
				259BF73327833D4F00589D8C /* UIViewController.swift */,
				25EB78532781C3B6000AEE98 /* String.swift */,
			);
			path = Extensions;
			sourceTree = "<group>";
		};
/* End PBXGroup section */

/* Begin PBXNativeTarget section */
		25EB78032781BFFE000AEE98 /* Floward */ = {
			isa = PBXNativeTarget;
			buildConfigurationList = 25EB782E2781BFFF000AEE98 /* Build configuration list for PBXNativeTarget "Floward" */;
			buildPhases = (
				25EB78002781BFFE000AEE98 /* Sources */,
				25EB78012781BFFE000AEE98 /* Frameworks */,
				25EB78022781BFFE000AEE98 /* Resources */,
				25EB78462781C235000AEE98 /* Embed Frameworks */,
			);
			buildRules = (
			);
			dependencies = (
			);
			name = Floward;
			packageProductDependencies = (
				259BF72E27833CEE00589D8C /* Kingfisher */,
				259BF73127833CFF00589D8C /* MBProgressHUD */,
			);
			productName = Floward;
			productReference = 25EB78042781BFFE000AEE98 /* Floward.app */;
			productType = "com.apple.product-type.application";
		};
		25EB78192781BFFF000AEE98 /* FlowardTests */ = {
			isa = PBXNativeTarget;
			buildConfigurationList = 25EB78312781BFFF000AEE98 /* Build configuration list for PBXNativeTarget "FlowardTests" */;
			buildPhases = (
				25EB78162781BFFF000AEE98 /* Sources */,
				25EB78172781BFFF000AEE98 /* Frameworks */,
				25EB78182781BFFF000AEE98 /* Resources */,
			);
			buildRules = (
			);
			dependencies = (
				25EB781C2781BFFF000AEE98 /* PBXTargetDependency */,
			);
			name = FlowardTests;
			productName = FlowardTests;
			productReference = 25EB781A2781BFFF000AEE98 /* FlowardTests.xctest */;
			productType = "com.apple.product-type.bundle.unit-test";
		};
/* End PBXNativeTarget section */

/* Begin PBXProject section */
		25EB77FC2781BFFE000AEE98 /* Project object */ = {
			isa = PBXProject;
			attributes = {
				BuildIndependentTargetsInParallel = 1;
				LastSwiftUpdateCheck = 1310;
				LastUpgradeCheck = 1310;
				TargetAttributes = {
					25EB78032781BFFE000AEE98 = {
						CreatedOnToolsVersion = 13.1;
					};
					25EB78192781BFFF000AEE98 = {
						CreatedOnToolsVersion = 13.1;
						TestTargetID = 25EB78032781BFFE000AEE98;
					};
				};
			};
			buildConfigurationList = 25EB77FF2781BFFE000AEE98 /* Build configuration list for PBXProject "Floward" */;
			compatibilityVersion = "Xcode 13.0";
			developmentRegion = en;
			hasScannedForEncodings = 0;
			knownRegions = (
				en,
				Base,
			);
			mainGroup = 25EB77FB2781BFFE000AEE98;
			packageReferences = (
				259BF72D27833CEE00589D8C /* XCRemoteSwiftPackageReference "Kingfisher" */,
				259BF73027833CFF00589D8C /* XCRemoteSwiftPackageReference "MBProgressHUD" */,
			);
			productRefGroup = 25EB78052781BFFE000AEE98 /* Products */;
			projectDirPath = "";
			projectRoot = "";
			targets = (
				25EB78032781BFFE000AEE98 /* Floward */,
				25EB78192781BFFF000AEE98 /* FlowardTests */,
			);
		};
/* End PBXProject section */

/* Begin PBXResourcesBuildPhase section */
		25EB78022781BFFE000AEE98 /* Resources */ = {
			isa = PBXResourcesBuildPhase;
			buildActionMask = 2147483647;
			files = (
				25EB78142781BFFF000AEE98 /* LaunchScreen.storyboard in Resources */,
				25EB78112781BFFF000AEE98 /* Assets.xcassets in Resources */,
			);
			runOnlyForDeploymentPostprocessing = 0;
		};
		25EB78182781BFFF000AEE98 /* Resources */ = {
			isa = PBXResourcesBuildPhase;
			buildActionMask = 2147483647;
			files = (
				259BF75D2783773700589D8C /* HomeMock.json in Resources */,
				259BF761278379FA00589D8C /* HomeMockOnePage.json in Resources */,
				259BF76327837B5400589D8C /* HomeMockFailure.json in Resources */,
			);
			runOnlyForDeploymentPostprocessing = 0;
		};
/* End PBXResourcesBuildPhase section */

/* Begin PBXSourcesBuildPhase section */
		25EB78002781BFFE000AEE98 /* Sources */ = {
			isa = PBXSourcesBuildPhase;
			buildActionMask = 2147483647;
			files = (
				259BF7452783419900589D8C /* HomeViewModel.swift in Sources */,
				25EB780C2781BFFE000AEE98 /* HomeViewController.swift in Sources */,
				25EB78512781C37C000AEE98 /* Environment.swift in Sources */,
				259BF73A27833DA400589D8C /* NSObject.swift in Sources */,
				259BF73527833D4F00589D8C /* UIViewController.swift in Sources */,
				259BF73627833D4F00589D8C /* UIImageView.swift in Sources */,
				259BF72C2783288C00589D8C /* HomeViewController+UI.swift in Sources */,
				259BF73927833DA400589D8C /* Collection.swift in Sources */,
				259BF74027833EE600589D8C /* HomeResult.swift in Sources */,
				25EB78542781C3B6000AEE98 /* String.swift in Sources */,
				259BF74C278354C100589D8C /* UICollectionView.swift in Sources */,
				25EB78082781BFFE000AEE98 /* AppDelegate.swift in Sources */,
				259BF74127833EE600589D8C /* HomeApi.swift in Sources */,
				25EB784E2781C317000AEE98 /* ApiResultable.swift in Sources */,
				25EB784D2781C317000AEE98 /* APIVersion.swift in Sources */,
				259BF74A2783512A00589D8C /* MovieCell.swift in Sources */,
				259BF747278341DC00589D8C /* MoviePresentable.swift in Sources */,
				259BF7432783414000589D8C /* APIError.swift in Sources */,
				25EB784F2781C317000AEE98 /* APIBuildable.swift in Sources */,
				25EB780A2781BFFE000AEE98 /* SceneDelegate.swift in Sources */,
			);
			runOnlyForDeploymentPostprocessing = 0;
		};
		25EB78162781BFFF000AEE98 /* Sources */ = {
			isa = PBXSourcesBuildPhase;
			buildActionMask = 2147483647;
			files = (
				259BF7562783760300589D8C /* MockClient.swift in Sources */,
				259BF75E2783773700589D8C /* HomeApiTest.swift in Sources */,
				259BF7582783760300589D8C /* NetworkingTest.swift in Sources */,
				259BF7572783760300589D8C /* MockBuildable.swift in Sources */,
				259BF751278375F700589D8C /* EnvironmentTest.swift in Sources */,
				259BF752278375F700589D8C /* StringTest.swift in Sources */,
				259BF75F2783773700589D8C /* HomeViewModelTest.swift in Sources */,
			);
			runOnlyForDeploymentPostprocessing = 0;
		};
/* End PBXSourcesBuildPhase section */

/* Begin PBXTargetDependency section */
		25EB781C2781BFFF000AEE98 /* PBXTargetDependency */ = {
			isa = PBXTargetDependency;
			target = 25EB78032781BFFE000AEE98 /* Floward */;
			targetProxy = 25EB781B2781BFFF000AEE98 /* PBXContainerItemProxy */;
		};
/* End PBXTargetDependency section */

/* Begin PBXVariantGroup section */
		25EB78122781BFFF000AEE98 /* LaunchScreen.storyboard */ = {
			isa = PBXVariantGroup;
			children = (
				25EB78132781BFFF000AEE98 /* Base */,
			);
			name = LaunchScreen.storyboard;
			sourceTree = "<group>";
		};
/* End PBXVariantGroup section */

/* Begin XCBuildConfiguration section */
		25EB782C2781BFFF000AEE98 /* Debug */ = {
			isa = XCBuildConfiguration;
			buildSettings = {
				ALWAYS_SEARCH_USER_PATHS = NO;
				CLANG_ANALYZER_NONNULL = YES;
				CLANG_ANALYZER_NUMBER_OBJECT_CONVERSION = YES_AGGRESSIVE;
				CLANG_CXX_LANGUAGE_STANDARD = "gnu++17";
				CLANG_CXX_LIBRARY = "libc++";
				CLANG_ENABLE_MODULES = YES;
				CLANG_ENABLE_OBJC_ARC = YES;
				CLANG_ENABLE_OBJC_WEAK = YES;
				CLANG_WARN_BLOCK_CAPTURE_AUTORELEASING = YES;
				CLANG_WARN_BOOL_CONVERSION = YES;
				CLANG_WARN_COMMA = YES;
				CLANG_WARN_CONSTANT_CONVERSION = YES;
				CLANG_WARN_DEPRECATED_OBJC_IMPLEMENTATIONS = YES;
				CLANG_WARN_DIRECT_OBJC_ISA_USAGE = YES_ERROR;
				CLANG_WARN_DOCUMENTATION_COMMENTS = YES;
				CLANG_WARN_EMPTY_BODY = YES;
				CLANG_WARN_ENUM_CONVERSION = YES;
				CLANG_WARN_INFINITE_RECURSION = YES;
				CLANG_WARN_INT_CONVERSION = YES;
				CLANG_WARN_NON_LITERAL_NULL_CONVERSION = YES;
				CLANG_WARN_OBJC_IMPLICIT_RETAIN_SELF = YES;
				CLANG_WARN_OBJC_LITERAL_CONVERSION = YES;
				CLANG_WARN_OBJC_ROOT_CLASS = YES_ERROR;
				CLANG_WARN_QUOTED_INCLUDE_IN_FRAMEWORK_HEADER = YES;
				CLANG_WARN_RANGE_LOOP_ANALYSIS = YES;
				CLANG_WARN_STRICT_PROTOTYPES = YES;
				CLANG_WARN_SUSPICIOUS_MOVE = YES;
				CLANG_WARN_UNGUARDED_AVAILABILITY = YES_AGGRESSIVE;
				CLANG_WARN_UNREACHABLE_CODE = YES;
				CLANG_WARN__DUPLICATE_METHOD_MATCH = YES;
				COPY_PHASE_STRIP = NO;
				DEBUG_INFORMATION_FORMAT = dwarf;
				ENABLE_STRICT_OBJC_MSGSEND = YES;
				ENABLE_TESTABILITY = YES;
				GCC_C_LANGUAGE_STANDARD = gnu11;
				GCC_DYNAMIC_NO_PIC = NO;
				GCC_NO_COMMON_BLOCKS = YES;
				GCC_OPTIMIZATION_LEVEL = 0;
				GCC_PREPROCESSOR_DEFINITIONS = (
					"DEBUG=1",
					"$(inherited)",
				);
				GCC_WARN_64_TO_32_BIT_CONVERSION = YES;
				GCC_WARN_ABOUT_RETURN_TYPE = YES_ERROR;
				GCC_WARN_UNDECLARED_SELECTOR = YES;
				GCC_WARN_UNINITIALIZED_AUTOS = YES_AGGRESSIVE;
				GCC_WARN_UNUSED_FUNCTION = YES;
				GCC_WARN_UNUSED_VARIABLE = YES;
				IPHONEOS_DEPLOYMENT_TARGET = 14.0;
				MTL_ENABLE_DEBUG_INFO = INCLUDE_SOURCE;
				MTL_FAST_MATH = YES;
				ONLY_ACTIVE_ARCH = YES;
				SDKROOT = iphoneos;
				SWIFT_ACTIVE_COMPILATION_CONDITIONS = DEBUG;
				SWIFT_OPTIMIZATION_LEVEL = "-Onone";
				UD_API_BASE_URL = "http://www.omdbapi.com";
				UD_API_KEY = 3184d334;
				UD_CURRENT_SCHEME_NAME = Develop;
			};
			name = Debug;
		};
		25EB782D2781BFFF000AEE98 /* Release */ = {
			isa = XCBuildConfiguration;
			buildSettings = {
				ALWAYS_SEARCH_USER_PATHS = NO;
				CLANG_ANALYZER_NONNULL = YES;
				CLANG_ANALYZER_NUMBER_OBJECT_CONVERSION = YES_AGGRESSIVE;
				CLANG_CXX_LANGUAGE_STANDARD = "gnu++17";
				CLANG_CXX_LIBRARY = "libc++";
				CLANG_ENABLE_MODULES = YES;
				CLANG_ENABLE_OBJC_ARC = YES;
				CLANG_ENABLE_OBJC_WEAK = YES;
				CLANG_WARN_BLOCK_CAPTURE_AUTORELEASING = YES;
				CLANG_WARN_BOOL_CONVERSION = YES;
				CLANG_WARN_COMMA = YES;
				CLANG_WARN_CONSTANT_CONVERSION = YES;
				CLANG_WARN_DEPRECATED_OBJC_IMPLEMENTATIONS = YES;
				CLANG_WARN_DIRECT_OBJC_ISA_USAGE = YES_ERROR;
				CLANG_WARN_DOCUMENTATION_COMMENTS = YES;
				CLANG_WARN_EMPTY_BODY = YES;
				CLANG_WARN_ENUM_CONVERSION = YES;
				CLANG_WARN_INFINITE_RECURSION = YES;
				CLANG_WARN_INT_CONVERSION = YES;
				CLANG_WARN_NON_LITERAL_NULL_CONVERSION = YES;
				CLANG_WARN_OBJC_IMPLICIT_RETAIN_SELF = YES;
				CLANG_WARN_OBJC_LITERAL_CONVERSION = YES;
				CLANG_WARN_OBJC_ROOT_CLASS = YES_ERROR;
				CLANG_WARN_QUOTED_INCLUDE_IN_FRAMEWORK_HEADER = YES;
				CLANG_WARN_RANGE_LOOP_ANALYSIS = YES;
				CLANG_WARN_STRICT_PROTOTYPES = YES;
				CLANG_WARN_SUSPICIOUS_MOVE = YES;
				CLANG_WARN_UNGUARDED_AVAILABILITY = YES_AGGRESSIVE;
				CLANG_WARN_UNREACHABLE_CODE = YES;
				CLANG_WARN__DUPLICATE_METHOD_MATCH = YES;
				COPY_PHASE_STRIP = NO;
				DEBUG_INFORMATION_FORMAT = "dwarf-with-dsym";
				ENABLE_NS_ASSERTIONS = NO;
				ENABLE_STRICT_OBJC_MSGSEND = YES;
				GCC_C_LANGUAGE_STANDARD = gnu11;
				GCC_NO_COMMON_BLOCKS = YES;
				GCC_WARN_64_TO_32_BIT_CONVERSION = YES;
				GCC_WARN_ABOUT_RETURN_TYPE = YES_ERROR;
				GCC_WARN_UNDECLARED_SELECTOR = YES;
				GCC_WARN_UNINITIALIZED_AUTOS = YES_AGGRESSIVE;
				GCC_WARN_UNUSED_FUNCTION = YES;
				GCC_WARN_UNUSED_VARIABLE = YES;
				IPHONEOS_DEPLOYMENT_TARGET = 14.0;
				MTL_ENABLE_DEBUG_INFO = NO;
				MTL_FAST_MATH = YES;
				SDKROOT = iphoneos;
				SWIFT_COMPILATION_MODE = wholemodule;
				SWIFT_OPTIMIZATION_LEVEL = "-O";
				UD_API_BASE_URL = "http://www.omdbapi.com";
				UD_API_KEY = 3184d334;
				UD_CURRENT_SCHEME_NAME = Production;
				VALIDATE_PRODUCT = YES;
			};
			name = Release;
		};
		25EB782F2781BFFF000AEE98 /* Debug */ = {
			isa = XCBuildConfiguration;
			buildSettings = {
				ASSETCATALOG_COMPILER_APPICON_NAME = AppIcon;
				ASSETCATALOG_COMPILER_GLOBAL_ACCENT_COLOR_NAME = AccentColor;
				CODE_SIGN_STYLE = Automatic;
				CURRENT_PROJECT_VERSION = 1;
				GENERATE_INFOPLIST_FILE = YES;
				INFOPLIST_FILE = Floward/Info.plist;
				INFOPLIST_KEY_UIApplicationSupportsIndirectInputEvents = YES;
				INFOPLIST_KEY_UILaunchStoryboardName = LaunchScreen;
				INFOPLIST_KEY_UISupportedInterfaceOrientations = UIInterfaceOrientationPortrait;
				INFOPLIST_KEY_UISupportedInterfaceOrientations_iPhone = UIInterfaceOrientationPortrait;
				IPHONEOS_DEPLOYMENT_TARGET = 14.0;
				LD_RUNPATH_SEARCH_PATHS = (
					"$(inherited)",
					"@executable_path/Frameworks",
				);
				MARKETING_VERSION = 1.0;
				PRODUCT_BUNDLE_IDENTIFIER = com.klindayzer.Floward;
				PRODUCT_NAME = "$(TARGET_NAME)";
				SWIFT_EMIT_LOC_STRINGS = YES;
				SWIFT_VERSION = 5.0;
				TARGETED_DEVICE_FAMILY = 1;
			};
			name = Debug;
		};
		25EB78302781BFFF000AEE98 /* Release */ = {
			isa = XCBuildConfiguration;
			buildSettings = {
				ASSETCATALOG_COMPILER_APPICON_NAME = AppIcon;
				ASSETCATALOG_COMPILER_GLOBAL_ACCENT_COLOR_NAME = AccentColor;
				CODE_SIGN_STYLE = Automatic;
				CURRENT_PROJECT_VERSION = 1;
				GENERATE_INFOPLIST_FILE = YES;
				INFOPLIST_FILE = Floward/Info.plist;
				INFOPLIST_KEY_UIApplicationSupportsIndirectInputEvents = YES;
				INFOPLIST_KEY_UILaunchStoryboardName = LaunchScreen;
				INFOPLIST_KEY_UISupportedInterfaceOrientations = UIInterfaceOrientationPortrait;
				INFOPLIST_KEY_UISupportedInterfaceOrientations_iPhone = UIInterfaceOrientationPortrait;
				IPHONEOS_DEPLOYMENT_TARGET = 14.0;
				LD_RUNPATH_SEARCH_PATHS = (
					"$(inherited)",
					"@executable_path/Frameworks",
				);
				MARKETING_VERSION = 1.0;
				PRODUCT_BUNDLE_IDENTIFIER = com.klindayzer.Floward;
				PRODUCT_NAME = "$(TARGET_NAME)";
				SWIFT_EMIT_LOC_STRINGS = YES;
				SWIFT_VERSION = 5.0;
				TARGETED_DEVICE_FAMILY = 1;
			};
			name = Release;
		};
		25EB78322781BFFF000AEE98 /* Debug */ = {
			isa = XCBuildConfiguration;
			buildSettings = {
				ALWAYS_EMBED_SWIFT_STANDARD_LIBRARIES = YES;
				BUNDLE_LOADER = "$(TEST_HOST)";
				CODE_SIGN_STYLE = Automatic;
				CURRENT_PROJECT_VERSION = 1;
				GENERATE_INFOPLIST_FILE = YES;
				IPHONEOS_DEPLOYMENT_TARGET = 15.0;
				LD_RUNPATH_SEARCH_PATHS = (
					"$(inherited)",
					"@executable_path/Frameworks",
					"@loader_path/Frameworks",
				);
				MARKETING_VERSION = 1.0;
				PRODUCT_BUNDLE_IDENTIFIER = com.klindayzer.FlowardTests;
				PRODUCT_NAME = "$(TARGET_NAME)";
				SWIFT_EMIT_LOC_STRINGS = NO;
				SWIFT_VERSION = 5.0;
				TARGETED_DEVICE_FAMILY = "1,2";
				TEST_HOST = "$(BUILT_PRODUCTS_DIR)/Floward.app/Floward";
			};
			name = Debug;
		};
		25EB78332781BFFF000AEE98 /* Release */ = {
			isa = XCBuildConfiguration;
			buildSettings = {
				ALWAYS_EMBED_SWIFT_STANDARD_LIBRARIES = YES;
				BUNDLE_LOADER = "$(TEST_HOST)";
				CODE_SIGN_STYLE = Automatic;
				CURRENT_PROJECT_VERSION = 1;
				GENERATE_INFOPLIST_FILE = YES;
				IPHONEOS_DEPLOYMENT_TARGET = 15.0;
				LD_RUNPATH_SEARCH_PATHS = (
					"$(inherited)",
					"@executable_path/Frameworks",
					"@loader_path/Frameworks",
				);
				MARKETING_VERSION = 1.0;
				PRODUCT_BUNDLE_IDENTIFIER = com.klindayzer.FlowardTests;
				PRODUCT_NAME = "$(TARGET_NAME)";
				SWIFT_EMIT_LOC_STRINGS = NO;
				SWIFT_VERSION = 5.0;
				TARGETED_DEVICE_FAMILY = "1,2";
				TEST_HOST = "$(BUILT_PRODUCTS_DIR)/Floward.app/Floward";
			};
			name = Release;
		};
/* End XCBuildConfiguration section */

/* Begin XCConfigurationList section */
		25EB77FF2781BFFE000AEE98 /* Build configuration list for PBXProject "Floward" */ = {
			isa = XCConfigurationList;
			buildConfigurations = (
				25EB782C2781BFFF000AEE98 /* Debug */,
				25EB782D2781BFFF000AEE98 /* Release */,
			);
			defaultConfigurationIsVisible = 0;
			defaultConfigurationName = Release;
		};
		25EB782E2781BFFF000AEE98 /* Build configuration list for PBXNativeTarget "Floward" */ = {
			isa = XCConfigurationList;
			buildConfigurations = (
				25EB782F2781BFFF000AEE98 /* Debug */,
				25EB78302781BFFF000AEE98 /* Release */,
			);
			defaultConfigurationIsVisible = 0;
			defaultConfigurationName = Release;
		};
		25EB78312781BFFF000AEE98 /* Build configuration list for PBXNativeTarget "FlowardTests" */ = {
			isa = XCConfigurationList;
			buildConfigurations = (
				25EB78322781BFFF000AEE98 /* Debug */,
				25EB78332781BFFF000AEE98 /* Release */,
			);
			defaultConfigurationIsVisible = 0;
			defaultConfigurationName = Release;
		};
/* End XCConfigurationList section */

/* Begin XCRemoteSwiftPackageReference section */
		259BF72D27833CEE00589D8C /* XCRemoteSwiftPackageReference "Kingfisher" */ = {
			isa = XCRemoteSwiftPackageReference;
			repositoryURL = "https://github.com/onevcat/Kingfisher.git";
			requirement = {
				kind = exactVersion;
				version = 7.1.2;
			};
		};
		259BF73027833CFF00589D8C /* XCRemoteSwiftPackageReference "MBProgressHUD" */ = {
			isa = XCRemoteSwiftPackageReference;
			repositoryURL = "https://github.com/jdg/MBProgressHUD.git";
			requirement = {
				kind = exactVersion;
				version = 1.2.0;
			};
		};
/* End XCRemoteSwiftPackageReference section */

/* Begin XCSwiftPackageProductDependency section */
		259BF72E27833CEE00589D8C /* Kingfisher */ = {
			isa = XCSwiftPackageProductDependency;
			package = 259BF72D27833CEE00589D8C /* XCRemoteSwiftPackageReference "Kingfisher" */;
			productName = Kingfisher;
		};
		259BF73127833CFF00589D8C /* MBProgressHUD */ = {
			isa = XCSwiftPackageProductDependency;
			package = 259BF73027833CFF00589D8C /* XCRemoteSwiftPackageReference "MBProgressHUD" */;
			productName = MBProgressHUD;
		};
/* End XCSwiftPackageProductDependency section */
	};
	rootObject = 25EB77FC2781BFFE000AEE98 /* Project object */;
}
